
Microsoft Visual Studio Solution File, Format Version 12.00
# Visual Studio Version 16
VisualStudioVersion = 16.0.31729.503
MinimumVisualStudioVersion = 10.0.40219.1
Project("{FAE04EC0-301F-11D3-BF4B-00C04F79EFBC}") = "HotelGuide", "HotelGuide\HotelGuide.csproj", "{ECEDAE3F-0FAE-4596-BF5B-D8B706FDC2C5}"
EndProject
Global
	GlobalSection(SolutionConfigurationPlatforms) = preSolution
		Debug|Any CPU = Debug|Any CPU
		Release|Any CPU = Release|Any CPU
	EndGlobalSection
	GlobalSection(ProjectConfigurationPlatforms) = postSolution
		{ECEDAE3F-0FAE-4596-BF5B-D8B706FDC2C5}.Debug|Any CPU.ActiveCfg = Debug|Any CPU
		{ECEDAE3F-0FAE-4596-BF5B-D8B706FDC2C5}.Debug|Any CPU.Build.0 = Debug|Any CPU
		{ECEDAE3F-0FAE-4596-BF5B-D8B706FDC2C5}.Release|Any CPU.ActiveCfg = Release|Any CPU
		{ECEDAE3F-0FAE-4596-BF5B-D8B706FDC2C5}.Release|Any CPU.Build.0 = Release|Any CPU
	EndGlobalSection
	GlobalSection(SolutionProperties) = preSolution
		HideSolutionNode = FALSE
	EndGlobalSection
	GlobalSection(ExtensibilityGlobals) = postSolution
		SolutionGuid = {1A58C35E-C03E-4099-93BB-13B3CA199589}
	EndGlobalSection
EndGlobal
